
Microsoft Visual Studio Solution File, Format Version 12.00
# Visual Studio Version 17
VisualStudioVersion = 17.9.34728.123
MinimumVisualStudioVersion = 10.0.40219.1
Project("{FAE04EC0-301F-11D3-BF4B-00C04F79EFBC}") = "WEB-API-CRUD-Logics", "WEB-API-CRUD-Logics.csproj", "{16B6883C-B277-4275-98E6-C73A743B8A69}"
EndProject
Global
	GlobalSection(SolutionConfigurationPlatforms) = preSolution
		Debug|Any CPU = Debug|Any CPU
		Release|Any CPU = Release|Any CPU
	EndGlobalSection
	GlobalSection(ProjectConfigurationPlatforms) = postSolution
		{16B6883C-B277-4275-98E6-C73A743B8A69}.Debug|Any CPU.ActiveCfg = Debug|Any CPU
		{16B6883C-B277-4275-98E6-C73A743B8A69}.Debug|Any CPU.Build.0 = Debug|Any CPU
		{16B6883C-B277-4275-98E6-C73A743B8A69}.Release|Any CPU.ActiveCfg = Release|Any CPU
		{16B6883C-B277-4275-98E6-C73A743B8A69}.Release|Any CPU.Build.0 = Release|Any CPU
	EndGlobalSection
	GlobalSection(SolutionProperties) = preSolution
		HideSolutionNode = FALSE
	EndGlobalSection
	GlobalSection(ExtensibilityGlobals) = postSolution
		SolutionGuid = {D17DC264-EEA3-41BC-94F3-3D8501626326}
	EndGlobalSection
EndGlobal
